
Microsoft Visual Studio Solution File, Format Version 12.00
# Visual Studio 2013
VisualStudioVersion = 12.0.30110.0
MinimumVisualStudioVersion = 10.0.40219.1
Project("{FAE04EC0-301F-11D3-BF4B-00C04F79EFBC}") = "ConfigRemedy.Domain", "ConfigRemedy.Domain\ConfigRemedy.Domain.csproj", "{F8BBF591-042C-43D0-9C35-C6473F1BCA86}"
EndProject
Project("{FAE04EC0-301F-11D3-BF4B-00C04F79EFBC}") = "ConfigRemedy.AcceptanceTests", "ConfigRemedy.AcceptanceTests\ConfigRemedy.AcceptanceTests.csproj", "{3F7C8746-1F10-46CA-B32E-7776242ECFC0}"
EndProject
Project("{FAE04EC0-301F-11D3-BF4B-00C04F79EFBC}") = "ConfigRemedy.Api", "ConfigRemedy.Api\ConfigRemedy.Api.csproj", "{6A77021F-1884-4429-A3BE-A8163746C7DF}"
Project("{E24C65DC-7377-472B-9ABA-BC803B73C61A}") = "ConfigRemedy.Client", "http://localhost:62210", "{68A36918-3212-4658-97D0-D42F0243BA41}"
	ProjectSection(WebsiteProperties) = preProject
		UseIISExpress = "true"
		TargetFrameworkMoniker = ".NETFramework,Version%3Dv4.0"
		Debug.AspNetCompiler.VirtualPath = "/localhost_62210"
		Debug.AspNetCompiler.PhysicalPath = "ConfigRemedy.Client\"
		Debug.AspNetCompiler.TargetPath = "PrecompiledWeb\localhost_62210\"
		Debug.AspNetCompiler.Updateable = "true"
		Debug.AspNetCompiler.ForceOverwrite = "true"
		Debug.AspNetCompiler.FixedNames = "false"
		Debug.AspNetCompiler.Debug = "True"
		Release.AspNetCompiler.VirtualPath = "/localhost_62210"
		Release.AspNetCompiler.PhysicalPath = "ConfigRemedy.Client\"
		Release.AspNetCompiler.TargetPath = "PrecompiledWeb\localhost_62210\"
		Release.AspNetCompiler.Updateable = "true"
		Release.AspNetCompiler.ForceOverwrite = "true"
		Release.AspNetCompiler.FixedNames = "false"
		Release.AspNetCompiler.Debug = "False"
		SlnRelativePath = "ConfigRemedy.Client\"
	EndProjectSection
EndProject
Project("{FAE04EC0-301F-11D3-BF4B-00C04F79EFBC}") = "ConfigRemedy.Client", "ConfigRemedy.Client\ConfigRemedy.Client.csproj", "{E9A8D3B5-0525-416A-BC5F-07B7B373397F}"
EndProject
Global
	GlobalSection(SolutionConfigurationPlatforms) = preSolution
		Debug|Any CPU = Debug|Any CPU
		Release|Any CPU = Release|Any CPU
	EndGlobalSection
	GlobalSection(ProjectConfigurationPlatforms) = postSolution
		{F8BBF591-042C-43D0-9C35-C6473F1BCA86}.Debug|Any CPU.ActiveCfg = Debug|Any CPU
		{F8BBF591-042C-43D0-9C35-C6473F1BCA86}.Debug|Any CPU.Build.0 = Debug|Any CPU
		{F8BBF591-042C-43D0-9C35-C6473F1BCA86}.Release|Any CPU.ActiveCfg = Release|Any CPU
		{F8BBF591-042C-43D0-9C35-C6473F1BCA86}.Release|Any CPU.Build.0 = Release|Any CPU
		{3F7C8746-1F10-46CA-B32E-7776242ECFC0}.Debug|Any CPU.ActiveCfg = Debug|Any CPU
		{3F7C8746-1F10-46CA-B32E-7776242ECFC0}.Debug|Any CPU.Build.0 = Debug|Any CPU
		{3F7C8746-1F10-46CA-B32E-7776242ECFC0}.Release|Any CPU.ActiveCfg = Release|Any CPU
		{3F7C8746-1F10-46CA-B32E-7776242ECFC0}.Release|Any CPU.Build.0 = Release|Any CPU
		{49F521D7-2006-4EC6-AB7A-FFE236D754A2}.Debug|Any CPU.ActiveCfg = Debug|Any CPU
		{49F521D7-2006-4EC6-AB7A-FFE236D754A2}.Debug|Any CPU.Build.0 = Debug|Any CPU
		{49F521D7-2006-4EC6-AB7A-FFE236D754A2}.Release|Any CPU.ActiveCfg = Release|Any CPU
		{49F521D7-2006-4EC6-AB7A-FFE236D754A2}.Release|Any CPU.Build.0 = Release|Any CPU
		{6A77021F-1884-4429-A3BE-A8163746C7DF}.Debug|Any CPU.ActiveCfg = Debug|Any CPU
		{6A77021F-1884-4429-A3BE-A8163746C7DF}.Debug|Any CPU.Build.0 = Debug|Any CPU
		{6A77021F-1884-4429-A3BE-A8163746C7DF}.Release|Any CPU.ActiveCfg = Release|Any CPU
		{6A77021F-1884-4429-A3BE-A8163746C7DF}.Release|Any CPU.Build.0 = Release|Any CPU
		{E9A8D3B5-0525-416A-BC5F-07B7B373397F}.Debug|Any CPU.ActiveCfg = Debug|Any CPU
		{E9A8D3B5-0525-416A-BC5F-07B7B373397F}.Debug|Any CPU.Build.0 = Debug|Any CPU
		{E9A8D3B5-0525-416A-BC5F-07B7B373397F}.Release|Any CPU.ActiveCfg = Release|Any CPU
		{E9A8D3B5-0525-416A-BC5F-07B7B373397F}.Release|Any CPU.Build.0 = Release|Any CPU
		{68A36918-3212-4658-97D0-D42F0243BA41}.Debug|Any CPU.ActiveCfg = Debug|Any CPU
		{68A36918-3212-4658-97D0-D42F0243BA41}.Debug|Any CPU.Build.0 = Debug|Any CPU
		{68A36918-3212-4658-97D0-D42F0243BA41}.Release|Any CPU.ActiveCfg = Debug|Any CPU
		{68A36918-3212-4658-97D0-D42F0243BA41}.Release|Any CPU.Build.0 = Debug|Any CPU
	EndGlobalSection
	GlobalSection(SolutionProperties) = preSolution
		HideSolutionNode = FALSE
	EndGlobalSection
EndGlobal
