
Microsoft Visual Studio Solution File, Format Version 12.00
# Visual Studio 2013
VisualStudioVersion = 12.0.30723.0
MinimumVisualStudioVersion = 10.0.40219.1
Project("{FAE04EC0-301F-11D3-BF4B-00C04F79EFBC}") = "ConfigRemedy.Domain", "ConfigRemedy.Domain\ConfigRemedy.Domain.csproj", "{F8BBF591-042C-43D0-9C35-C6473F1BCA86}"
EndProject
Project("{FAE04EC0-301F-11D3-BF4B-00C04F79EFBC}") = "ConfigRemedy.AcceptanceTests", "ConfigRemedy.AcceptanceTests\ConfigRemedy.AcceptanceTests.csproj", "{3F7C8746-1F10-46CA-B32E-7776242ECFC0}"
EndProject
Project("{FAE04EC0-301F-11D3-BF4B-00C04F79EFBC}") = "ConfigRemedy.Api", "ConfigRemedy.Api\ConfigRemedy.Api.csproj", "{6A77021F-1884-4429-A3BE-A8163746C7DF}"
EndProject
Project("{FAE04EC0-301F-11D3-BF4B-00C04F79EFBC}") = "ConfigRemedy.Security", "ConfigRemedy.Security\ConfigRemedy.Security.csproj", "{2549D76B-AF4F-42E8-8E2B-E87EE2BCD081}"
EndProject
Project("{FAE04EC0-301F-11D3-BF4B-00C04F79EFBC}") = "ConfigRemedy.Core", "ConfigRemedy.Core\ConfigRemedy.Core.csproj", "{9E386B4D-BDAB-4180-A847-E65E5046649E}"
EndProject
Project("{FAE04EC0-301F-11D3-BF4B-00C04F79EFBC}") = "ConfigRemedy.UnitTests", "ConfigRemedy.UnitTests\ConfigRemedy.UnitTests.csproj", "{B1CAD286-7469-40EB-B468-F62F2852193E}"
EndProject
Project("{2150E333-8FDC-42A3-9474-1A3956D46DE8}") = "Tests", "Tests", "{A37BCE94-BDD3-4C97-BF6B-3CB6E963DDFF}"
EndProject
Project("{FAE04EC0-301F-11D3-BF4B-00C04F79EFBC}") = "ConfigRemedy.Repository", "ConfigRemedy.Repository\ConfigRemedy.Repository.csproj", "{DAC9A372-BB4F-4E53-BB6E-11401501E3D1}"
EndProject
Global
	GlobalSection(SolutionConfigurationPlatforms) = preSolution
		Debug|Any CPU = Debug|Any CPU
		Release|Any CPU = Release|Any CPU
	EndGlobalSection
	GlobalSection(ProjectConfigurationPlatforms) = postSolution
		{F8BBF591-042C-43D0-9C35-C6473F1BCA86}.Debug|Any CPU.ActiveCfg = Debug|Any CPU
		{F8BBF591-042C-43D0-9C35-C6473F1BCA86}.Debug|Any CPU.Build.0 = Debug|Any CPU
		{F8BBF591-042C-43D0-9C35-C6473F1BCA86}.Release|Any CPU.ActiveCfg = Release|Any CPU
		{F8BBF591-042C-43D0-9C35-C6473F1BCA86}.Release|Any CPU.Build.0 = Release|Any CPU
		{3F7C8746-1F10-46CA-B32E-7776242ECFC0}.Debug|Any CPU.ActiveCfg = Debug|Any CPU
		{3F7C8746-1F10-46CA-B32E-7776242ECFC0}.Debug|Any CPU.Build.0 = Debug|Any CPU
		{3F7C8746-1F10-46CA-B32E-7776242ECFC0}.Release|Any CPU.ActiveCfg = Release|Any CPU
		{3F7C8746-1F10-46CA-B32E-7776242ECFC0}.Release|Any CPU.Build.0 = Release|Any CPU
		{6A77021F-1884-4429-A3BE-A8163746C7DF}.Debug|Any CPU.ActiveCfg = Debug|Any CPU
		{6A77021F-1884-4429-A3BE-A8163746C7DF}.Debug|Any CPU.Build.0 = Debug|Any CPU
		{6A77021F-1884-4429-A3BE-A8163746C7DF}.Release|Any CPU.ActiveCfg = Release|Any CPU
		{6A77021F-1884-4429-A3BE-A8163746C7DF}.Release|Any CPU.Build.0 = Release|Any CPU
		{2549D76B-AF4F-42E8-8E2B-E87EE2BCD081}.Debug|Any CPU.ActiveCfg = Debug|Any CPU
		{2549D76B-AF4F-42E8-8E2B-E87EE2BCD081}.Debug|Any CPU.Build.0 = Debug|Any CPU
		{2549D76B-AF4F-42E8-8E2B-E87EE2BCD081}.Release|Any CPU.ActiveCfg = Release|Any CPU
		{2549D76B-AF4F-42E8-8E2B-E87EE2BCD081}.Release|Any CPU.Build.0 = Release|Any CPU
		{9E386B4D-BDAB-4180-A847-E65E5046649E}.Debug|Any CPU.ActiveCfg = Debug|Any CPU
		{9E386B4D-BDAB-4180-A847-E65E5046649E}.Debug|Any CPU.Build.0 = Debug|Any CPU
		{9E386B4D-BDAB-4180-A847-E65E5046649E}.Release|Any CPU.ActiveCfg = Release|Any CPU
		{9E386B4D-BDAB-4180-A847-E65E5046649E}.Release|Any CPU.Build.0 = Release|Any CPU
		{B1CAD286-7469-40EB-B468-F62F2852193E}.Debug|Any CPU.ActiveCfg = Debug|Any CPU
		{B1CAD286-7469-40EB-B468-F62F2852193E}.Debug|Any CPU.Build.0 = Debug|Any CPU
		{B1CAD286-7469-40EB-B468-F62F2852193E}.Release|Any CPU.ActiveCfg = Release|Any CPU
		{B1CAD286-7469-40EB-B468-F62F2852193E}.Release|Any CPU.Build.0 = Release|Any CPU
		{DAC9A372-BB4F-4E53-BB6E-11401501E3D1}.Debug|Any CPU.ActiveCfg = Debug|Any CPU
		{DAC9A372-BB4F-4E53-BB6E-11401501E3D1}.Debug|Any CPU.Build.0 = Debug|Any CPU
		{DAC9A372-BB4F-4E53-BB6E-11401501E3D1}.Release|Any CPU.ActiveCfg = Release|Any CPU
		{DAC9A372-BB4F-4E53-BB6E-11401501E3D1}.Release|Any CPU.Build.0 = Release|Any CPU
	EndGlobalSection
	GlobalSection(SolutionProperties) = preSolution
		HideSolutionNode = FALSE
	EndGlobalSection
	GlobalSection(NestedProjects) = preSolution
		{3F7C8746-1F10-46CA-B32E-7776242ECFC0} = {A37BCE94-BDD3-4C97-BF6B-3CB6E963DDFF}
		{B1CAD286-7469-40EB-B468-F62F2852193E} = {A37BCE94-BDD3-4C97-BF6B-3CB6E963DDFF}
	EndGlobalSection
EndGlobal
