
Microsoft Visual Studio Solution File, Format Version 12.00
# Visual Studio 2013
VisualStudioVersion = 12.0.30110.0
MinimumVisualStudioVersion = 10.0.40219.1
Project("{FAE04EC0-301F-11D3-BF4B-00C04F79EFBC}") = "ConfigRemedy.Domain", "ConfigRemedy.Domain\ConfigRemedy.Domain.csproj", "{F8BBF591-042C-43D0-9C35-C6473F1BCA86}"
EndProject
Project("{FAE04EC0-301F-11D3-BF4B-00C04F79EFBC}") = "ConfigRemedy.Api", "ConfigRemedy.Api\ConfigRemedy.Api.csproj", "{ED638DD5-E755-4B7A-940D-5C94AB425686}"
EndProject
Project("{FAE04EC0-301F-11D3-BF4B-00C04F79EFBC}") = "ConfigRemedy.AcceptanceTests", "ConfigRemedy.AcceptanceTests\ConfigRemedy.AcceptanceTests.csproj", "{3F7C8746-1F10-46CA-B32E-7776242ECFC0}"
EndProject
Project("{FAE04EC0-301F-11D3-BF4B-00C04F79EFBC}") = "ConfigRemedy.Client", "ConfigRemedy.Client\ConfigRemedy.Client.csproj", "{49F521D7-2006-4EC6-AB7A-FFE236D754A2}"
EndProject
Global
	GlobalSection(SolutionConfigurationPlatforms) = preSolution
		Debug|Any CPU = Debug|Any CPU
		Release|Any CPU = Release|Any CPU
	EndGlobalSection
	GlobalSection(ProjectConfigurationPlatforms) = postSolution
		{F8BBF591-042C-43D0-9C35-C6473F1BCA86}.Debug|Any CPU.ActiveCfg = Debug|Any CPU
		{F8BBF591-042C-43D0-9C35-C6473F1BCA86}.Debug|Any CPU.Build.0 = Debug|Any CPU
		{F8BBF591-042C-43D0-9C35-C6473F1BCA86}.Release|Any CPU.ActiveCfg = Release|Any CPU
		{F8BBF591-042C-43D0-9C35-C6473F1BCA86}.Release|Any CPU.Build.0 = Release|Any CPU
		{ED638DD5-E755-4B7A-940D-5C94AB425686}.Debug|Any CPU.ActiveCfg = Debug|Any CPU
		{ED638DD5-E755-4B7A-940D-5C94AB425686}.Debug|Any CPU.Build.0 = Debug|Any CPU
		{ED638DD5-E755-4B7A-940D-5C94AB425686}.Release|Any CPU.ActiveCfg = Release|Any CPU
		{ED638DD5-E755-4B7A-940D-5C94AB425686}.Release|Any CPU.Build.0 = Release|Any CPU
		{3F7C8746-1F10-46CA-B32E-7776242ECFC0}.Debug|Any CPU.ActiveCfg = Debug|Any CPU
		{3F7C8746-1F10-46CA-B32E-7776242ECFC0}.Debug|Any CPU.Build.0 = Debug|Any CPU
		{3F7C8746-1F10-46CA-B32E-7776242ECFC0}.Release|Any CPU.ActiveCfg = Release|Any CPU
		{3F7C8746-1F10-46CA-B32E-7776242ECFC0}.Release|Any CPU.Build.0 = Release|Any CPU
		{49F521D7-2006-4EC6-AB7A-FFE236D754A2}.Debug|Any CPU.ActiveCfg = Debug|Any CPU
		{49F521D7-2006-4EC6-AB7A-FFE236D754A2}.Debug|Any CPU.Build.0 = Debug|Any CPU
		{49F521D7-2006-4EC6-AB7A-FFE236D754A2}.Release|Any CPU.ActiveCfg = Release|Any CPU
		{49F521D7-2006-4EC6-AB7A-FFE236D754A2}.Release|Any CPU.Build.0 = Release|Any CPU
	EndGlobalSection
	GlobalSection(SolutionProperties) = preSolution
		HideSolutionNode = FALSE
	EndGlobalSection
EndGlobal
